
Microsoft Visual Studio Solution File, Format Version 12.00
# Visual Studio Version 16
VisualStudioVersion = 16.0.31205.134
MinimumVisualStudioVersion = 10.0.40219.1
Project("{FAE04EC0-301F-11D3-BF4B-00C04F79EFBC}") = "WebApplication1", "WebApplication1\WebApplication1.csproj", "{6FBC316F-6D16-45D5-8CE9-24BCEE30FDE9}"
EndProject
Global
	GlobalSection(SolutionConfigurationPlatforms) = preSolution
		Debug|Any CPU = Debug|Any CPU
		Release|Any CPU = Release|Any CPU
	EndGlobalSection
	GlobalSection(ProjectConfigurationPlatforms) = postSolution
		{6FBC316F-6D16-45D5-8CE9-24BCEE30FDE9}.Debug|Any CPU.ActiveCfg = Debug|Any CPU
		{6FBC316F-6D16-45D5-8CE9-24BCEE30FDE9}.Debug|Any CPU.Build.0 = Debug|Any CPU
		{6FBC316F-6D16-45D5-8CE9-24BCEE30FDE9}.Release|Any CPU.ActiveCfg = Release|Any CPU
		{6FBC316F-6D16-45D5-8CE9-24BCEE30FDE9}.Release|Any CPU.Build.0 = Release|Any CPU
	EndGlobalSection
	GlobalSection(SolutionProperties) = preSolution
		HideSolutionNode = FALSE
	EndGlobalSection
	GlobalSection(ExtensibilityGlobals) = postSolution
		SolutionGuid = {CE275A0F-F332-42D8-BAD0-85C9CEEBF966}
	EndGlobalSection
EndGlobal
